// !$*UTF8*$!
{
	archiveVersion = 1;
	classes = {
	};
	objectVersion = 56;
	objects = {

/* Begin PBXBuildFile section */
		23C28CC82A59AE1D00B08B07 /* LoginView.swift in Sources */ = {isa = PBXBuildFile; fileRef = 23C28CC72A59AE1D00B08B07 /* LoginView.swift */; };
		23E494F22A5A9A3100A196B9 /* TabBarView.swift in Sources */ = {isa = PBXBuildFile; fileRef = 23E494F12A5A9A3100A196B9 /* TabBarView.swift */; };
		A11153062A55648A006E2282 /* TastePlaceView.swift in Sources */ = {isa = PBXBuildFile; fileRef = A11153052A55648A006E2282 /* TastePlaceView.swift */; };
		A11153082A556FDD006E2282 /* FoodCategoryView.swift in Sources */ = {isa = PBXBuildFile; fileRef = A11153072A556FDD006E2282 /* FoodCategoryView.swift */; };
		A111530A2A558696006E2282 /* FoodListView.swift in Sources */ = {isa = PBXBuildFile; fileRef = A11153092A558696006E2282 /* FoodListView.swift */; };
		A111530C2A55972F006E2282 /* FoodStoreInfoData.swift in Sources */ = {isa = PBXBuildFile; fileRef = A111530B2A55972F006E2282 /* FoodStoreInfoData.swift */; };
		A111530E2A55A5AE006E2282 /* FoodStoreMapView.swift in Sources */ = {isa = PBXBuildFile; fileRef = A111530D2A55A5AE006E2282 /* FoodStoreMapView.swift */; };
		A1309A672A5C53D3004C2120 /* StoreInfo.swift in Sources */ = {isa = PBXBuildFile; fileRef = A1309A662A5C53D3004C2120 /* StoreInfo.swift */; };
		A134D0322A6ACB4C00B112D4 /* TasteAPI.swift in Sources */ = {isa = PBXBuildFile; fileRef = A134D0312A6ACB4C00B112D4 /* TasteAPI.swift */; };
		A134D0342A6ACC1B00B112D4 /* DataModel.swift in Sources */ = {isa = PBXBuildFile; fileRef = A134D0332A6ACC1B00B112D4 /* DataModel.swift */; };
		A15A2A882A7269B300A6ADDF /* PlaceAnnotationView.swift in Sources */ = {isa = PBXBuildFile; fileRef = A15A2A872A7269B300A6ADDF /* PlaceAnnotationView.swift */; };
		A19EAC862A56F2B700FE37CC /* NoticeView.swift in Sources */ = {isa = PBXBuildFile; fileRef = A19EAC852A56F2B700FE37CC /* NoticeView.swift */; };
		A19EAC882A56F82E00FE37CC /* NoticeWebView.swift in Sources */ = {isa = PBXBuildFile; fileRef = A19EAC872A56F82E00FE37CC /* NoticeWebView.swift */; };
		A1F909D82A54F9C1004559AF /* KuleumBridgeApp.swift in Sources */ = {isa = PBXBuildFile; fileRef = A1F909D72A54F9C1004559AF /* KuleumBridgeApp.swift */; };
		A1F909DA2A54F9C1004559AF /* ContentView.swift in Sources */ = {isa = PBXBuildFile; fileRef = A1F909D92A54F9C1004559AF /* ContentView.swift */; };
		A1F909DC2A54F9C2004559AF /* Assets.xcassets in Resources */ = {isa = PBXBuildFile; fileRef = A1F909DB2A54F9C2004559AF /* Assets.xcassets */; };
		A1F909DF2A54F9C2004559AF /* Preview Assets.xcassets in Resources */ = {isa = PBXBuildFile; fileRef = A1F909DE2A54F9C2004559AF /* Preview Assets.xcassets */; };
/* End PBXBuildFile section */

/* Begin PBXFileReference section */
		23C28CC72A59AE1D00B08B07 /* LoginView.swift */ = {isa = PBXFileReference; lastKnownFileType = sourcecode.swift; path = LoginView.swift; sourceTree = "<group>"; };
		23E494F12A5A9A3100A196B9 /* TabBarView.swift */ = {isa = PBXFileReference; lastKnownFileType = sourcecode.swift; path = TabBarView.swift; sourceTree = "<group>"; };
		A11153052A55648A006E2282 /* TastePlaceView.swift */ = {isa = PBXFileReference; lastKnownFileType = sourcecode.swift; path = TastePlaceView.swift; sourceTree = "<group>"; };
		A11153072A556FDD006E2282 /* FoodCategoryView.swift */ = {isa = PBXFileReference; lastKnownFileType = sourcecode.swift; path = FoodCategoryView.swift; sourceTree = "<group>"; };
		A11153092A558696006E2282 /* FoodListView.swift */ = {isa = PBXFileReference; lastKnownFileType = sourcecode.swift; path = FoodListView.swift; sourceTree = "<group>"; };
		A111530B2A55972F006E2282 /* FoodStoreInfoData.swift */ = {isa = PBXFileReference; lastKnownFileType = sourcecode.swift; path = FoodStoreInfoData.swift; sourceTree = "<group>"; };
		A111530D2A55A5AE006E2282 /* FoodStoreMapView.swift */ = {isa = PBXFileReference; lastKnownFileType = sourcecode.swift; path = FoodStoreMapView.swift; sourceTree = "<group>"; };
		A1309A662A5C53D3004C2120 /* StoreInfo.swift */ = {isa = PBXFileReference; lastKnownFileType = sourcecode.swift; path = StoreInfo.swift; sourceTree = "<group>"; };
		A134D0312A6ACB4C00B112D4 /* TasteAPI.swift */ = {isa = PBXFileReference; lastKnownFileType = sourcecode.swift; path = TasteAPI.swift; sourceTree = "<group>"; };
		A134D0332A6ACC1B00B112D4 /* DataModel.swift */ = {isa = PBXFileReference; lastKnownFileType = sourcecode.swift; path = DataModel.swift; sourceTree = "<group>"; };
		A15A2A872A7269B300A6ADDF /* PlaceAnnotationView.swift */ = {isa = PBXFileReference; lastKnownFileType = sourcecode.swift; path = PlaceAnnotationView.swift; sourceTree = "<group>"; };
		A19EAC852A56F2B700FE37CC /* NoticeView.swift */ = {isa = PBXFileReference; lastKnownFileType = sourcecode.swift; path = NoticeView.swift; sourceTree = "<group>"; };
		A19EAC872A56F82E00FE37CC /* NoticeWebView.swift */ = {isa = PBXFileReference; lastKnownFileType = sourcecode.swift; path = NoticeWebView.swift; sourceTree = "<group>"; };
		A19EAC892A56FE8400FE37CC /* Info.plist */ = {isa = PBXFileReference; lastKnownFileType = text.plist; path = Info.plist; sourceTree = "<group>"; };
		A1F909D42A54F9C1004559AF /* KuleumBridge.app */ = {isa = PBXFileReference; explicitFileType = wrapper.application; includeInIndex = 0; path = KuleumBridge.app; sourceTree = BUILT_PRODUCTS_DIR; };
		A1F909D72A54F9C1004559AF /* KuleumBridgeApp.swift */ = {isa = PBXFileReference; lastKnownFileType = sourcecode.swift; path = KuleumBridgeApp.swift; sourceTree = "<group>"; };
		A1F909D92A54F9C1004559AF /* ContentView.swift */ = {isa = PBXFileReference; lastKnownFileType = sourcecode.swift; path = ContentView.swift; sourceTree = "<group>"; };
		A1F909DB2A54F9C2004559AF /* Assets.xcassets */ = {isa = PBXFileReference; lastKnownFileType = folder.assetcatalog; path = Assets.xcassets; sourceTree = "<group>"; };
		A1F909DE2A54F9C2004559AF /* Preview Assets.xcassets */ = {isa = PBXFileReference; lastKnownFileType = folder.assetcatalog; path = "Preview Assets.xcassets"; sourceTree = "<group>"; };
/* End PBXFileReference section */

/* Begin PBXFrameworksBuildPhase section */
		A1F909D12A54F9C1004559AF /* Frameworks */ = {
			isa = PBXFrameworksBuildPhase;
			buildActionMask = 2147483647;
			files = (
			);
			runOnlyForDeploymentPostprocessing = 0;
		};
/* End PBXFrameworksBuildPhase section */

/* Begin PBXGroup section */
		233C2C0C2A678EB500362992 /* TastePlace */ = {
			isa = PBXGroup;
			children = (
				A1309A662A5C53D3004C2120 /* StoreInfo.swift */,
				A11153092A558696006E2282 /* FoodListView.swift */,
				A11153072A556FDD006E2282 /* FoodCategoryView.swift */,
				A111530B2A55972F006E2282 /* FoodStoreInfoData.swift */,
				A111530D2A55A5AE006E2282 /* FoodStoreMapView.swift */,
				A15A2A872A7269B300A6ADDF /* PlaceAnnotationView.swift */,
				A11153052A55648A006E2282 /* TastePlaceView.swift */,
			);
			path = TastePlace;
			sourceTree = "<group>";
		};
		233C2C0D2A678EEF00362992 /* Notice */ = {
			isa = PBXGroup;
			children = (
				A19EAC872A56F82E00FE37CC /* NoticeWebView.swift */,
				A19EAC852A56F2B700FE37CC /* NoticeView.swift */,
			);
			path = Notice;
			sourceTree = "<group>";
		};
		23C28CC62A59AE0600B08B07 /* Login */ = {
			isa = PBXGroup;
			children = (
				23C28CC72A59AE1D00B08B07 /* LoginView.swift */,
			);
			path = Login;
			sourceTree = "<group>";
		};
		A134D0302A6ACB3800B112D4 /* Model */ = {
			isa = PBXGroup;
			children = (
				A134D0312A6ACB4C00B112D4 /* TasteAPI.swift */,
				A134D0332A6ACC1B00B112D4 /* DataModel.swift */,
			);
			path = Model;
			sourceTree = "<group>";
		};
		A1F909CB2A54F9C1004559AF = {
			isa = PBXGroup;
			children = (
				A1F909D62A54F9C1004559AF /* KuleumBridge */,
				A1F909D52A54F9C1004559AF /* Products */,
			);
			sourceTree = "<group>";
		};
		A1F909D52A54F9C1004559AF /* Products */ = {
			isa = PBXGroup;
			children = (
				A1F909D42A54F9C1004559AF /* KuleumBridge.app */,
			);
			name = Products;
			sourceTree = "<group>";
		};
		A1F909D62A54F9C1004559AF /* KuleumBridge */ = {
			isa = PBXGroup;
			children = (
				A134D0302A6ACB3800B112D4 /* Model */,
				23C28CC62A59AE0600B08B07 /* Login */,
				233C2C0C2A678EB500362992 /* TastePlace */,
				233C2C0D2A678EEF00362992 /* Notice */,
				23E494F12A5A9A3100A196B9 /* TabBarView.swift */,
				A1F909D72A54F9C1004559AF /* KuleumBridgeApp.swift */,
				A1F909D92A54F9C1004559AF /* ContentView.swift */,
				A1F909DB2A54F9C2004559AF /* Assets.xcassets */,
				A19EAC892A56FE8400FE37CC /* Info.plist */,
				A1F909DD2A54F9C2004559AF /* Preview Content */,
			);
			path = KuleumBridge;
			sourceTree = "<group>";
		};
		A1F909DD2A54F9C2004559AF /* Preview Content */ = {
			isa = PBXGroup;
			children = (
				A1F909DE2A54F9C2004559AF /* Preview Assets.xcassets */,
			);
			path = "Preview Content";
			sourceTree = "<group>";
		};
/* End PBXGroup section */

/* Begin PBXNativeTarget section */
		A1F909D32A54F9C1004559AF /* KuleumBridge */ = {
			isa = PBXNativeTarget;
			buildConfigurationList = A1F909E22A54F9C2004559AF /* Build configuration list for PBXNativeTarget "KuleumBridge" */;
			buildPhases = (
				A1F909D02A54F9C1004559AF /* Sources */,
				A1F909D12A54F9C1004559AF /* Frameworks */,
				A1F909D22A54F9C1004559AF /* Resources */,
			);
			buildRules = (
			);
			dependencies = (
			);
			name = KuleumBridge;
			productName = KuleumBridge;
			productReference = A1F909D42A54F9C1004559AF /* KuleumBridge.app */;
			productType = "com.apple.product-type.application";
		};
/* End PBXNativeTarget section */

/* Begin PBXProject section */
		A1F909CC2A54F9C1004559AF /* Project object */ = {
			isa = PBXProject;
			attributes = {
				BuildIndependentTargetsInParallel = 1;
				LastSwiftUpdateCheck = 1430;
				LastUpgradeCheck = 1430;
				TargetAttributes = {
					A1F909D32A54F9C1004559AF = {
						CreatedOnToolsVersion = 14.3;
					};
				};
			};
			buildConfigurationList = A1F909CF2A54F9C1004559AF /* Build configuration list for PBXProject "KuleumBridge" */;
			compatibilityVersion = "Xcode 14.0";
			developmentRegion = en;
			hasScannedForEncodings = 0;
			knownRegions = (
				en,
				Base,
			);
			mainGroup = A1F909CB2A54F9C1004559AF;
			productRefGroup = A1F909D52A54F9C1004559AF /* Products */;
			projectDirPath = "";
			projectRoot = "";
			targets = (
				A1F909D32A54F9C1004559AF /* KuleumBridge */,
			);
		};
/* End PBXProject section */

/* Begin PBXResourcesBuildPhase section */
		A1F909D22A54F9C1004559AF /* Resources */ = {
			isa = PBXResourcesBuildPhase;
			buildActionMask = 2147483647;
			files = (
				A1F909DF2A54F9C2004559AF /* Preview Assets.xcassets in Resources */,
				A1F909DC2A54F9C2004559AF /* Assets.xcassets in Resources */,
			);
			runOnlyForDeploymentPostprocessing = 0;
		};
/* End PBXResourcesBuildPhase section */

/* Begin PBXSourcesBuildPhase section */
		A1F909D02A54F9C1004559AF /* Sources */ = {
			isa = PBXSourcesBuildPhase;
			buildActionMask = 2147483647;
			files = (
				A19EAC862A56F2B700FE37CC /* NoticeView.swift in Sources */,
				A111530A2A558696006E2282 /* FoodListView.swift in Sources */,
				A1F909DA2A54F9C1004559AF /* ContentView.swift in Sources */,
				A111530E2A55A5AE006E2282 /* FoodStoreMapView.swift in Sources */,
				A11153062A55648A006E2282 /* TastePlaceView.swift in Sources */,
				A134D0322A6ACB4C00B112D4 /* TasteAPI.swift in Sources */,
				A111530C2A55972F006E2282 /* FoodStoreInfoData.swift in Sources */,
				A134D0342A6ACC1B00B112D4 /* DataModel.swift in Sources */,
				A15A2A882A7269B300A6ADDF /* PlaceAnnotationView.swift in Sources */,
				A11153082A556FDD006E2282 /* FoodCategoryView.swift in Sources */,
				A1309A672A5C53D3004C2120 /* StoreInfo.swift in Sources */,
				A19EAC882A56F82E00FE37CC /* NoticeWebView.swift in Sources */,
				23E494F22A5A9A3100A196B9 /* TabBarView.swift in Sources */,
				23C28CC82A59AE1D00B08B07 /* LoginView.swift in Sources */,
				A1F909D82A54F9C1004559AF /* KuleumBridgeApp.swift in Sources */,
			);
			runOnlyForDeploymentPostprocessing = 0;
		};
/* End PBXSourcesBuildPhase section */

/* Begin XCBuildConfiguration section */
		A1F909E02A54F9C2004559AF /* Debug */ = {
			isa = XCBuildConfiguration;
			buildSettings = {
				ALWAYS_SEARCH_USER_PATHS = NO;
				CLANG_ANALYZER_NONNULL = YES;
				CLANG_ANALYZER_NUMBER_OBJECT_CONVERSION = YES_AGGRESSIVE;
				CLANG_CXX_LANGUAGE_STANDARD = "gnu++20";
				CLANG_ENABLE_MODULES = YES;
				CLANG_ENABLE_OBJC_ARC = YES;
				CLANG_ENABLE_OBJC_WEAK = YES;
				CLANG_WARN_BLOCK_CAPTURE_AUTORELEASING = YES;
				CLANG_WARN_BOOL_CONVERSION = YES;
				CLANG_WARN_COMMA = YES;
				CLANG_WARN_CONSTANT_CONVERSION = YES;
				CLANG_WARN_DEPRECATED_OBJC_IMPLEMENTATIONS = YES;
				CLANG_WARN_DIRECT_OBJC_ISA_USAGE = YES_ERROR;
				CLANG_WARN_DOCUMENTATION_COMMENTS = YES;
				CLANG_WARN_EMPTY_BODY = YES;
				CLANG_WARN_ENUM_CONVERSION = YES;
				CLANG_WARN_INFINITE_RECURSION = YES;
				CLANG_WARN_INT_CONVERSION = YES;
				CLANG_WARN_NON_LITERAL_NULL_CONVERSION = YES;
				CLANG_WARN_OBJC_IMPLICIT_RETAIN_SELF = YES;
				CLANG_WARN_OBJC_LITERAL_CONVERSION = YES;
				CLANG_WARN_OBJC_ROOT_CLASS = YES_ERROR;
				CLANG_WARN_QUOTED_INCLUDE_IN_FRAMEWORK_HEADER = YES;
				CLANG_WARN_RANGE_LOOP_ANALYSIS = YES;
				CLANG_WARN_STRICT_PROTOTYPES = YES;
				CLANG_WARN_SUSPICIOUS_MOVE = YES;
				CLANG_WARN_UNGUARDED_AVAILABILITY = YES_AGGRESSIVE;
				CLANG_WARN_UNREACHABLE_CODE = YES;
				CLANG_WARN__DUPLICATE_METHOD_MATCH = YES;
				COPY_PHASE_STRIP = NO;
				DEBUG_INFORMATION_FORMAT = dwarf;
				ENABLE_STRICT_OBJC_MSGSEND = YES;
				ENABLE_TESTABILITY = YES;
				GCC_C_LANGUAGE_STANDARD = gnu11;
				GCC_DYNAMIC_NO_PIC = NO;
				GCC_NO_COMMON_BLOCKS = YES;
				GCC_OPTIMIZATION_LEVEL = 0;
				GCC_PREPROCESSOR_DEFINITIONS = (
					"DEBUG=1",
					"$(inherited)",
				);
				GCC_WARN_64_TO_32_BIT_CONVERSION = YES;
				GCC_WARN_ABOUT_RETURN_TYPE = YES_ERROR;
				GCC_WARN_UNDECLARED_SELECTOR = YES;
				GCC_WARN_UNINITIALIZED_AUTOS = YES_AGGRESSIVE;
				GCC_WARN_UNUSED_FUNCTION = YES;
				GCC_WARN_UNUSED_VARIABLE = YES;
				IPHONEOS_DEPLOYMENT_TARGET = 16.4;
				MTL_ENABLE_DEBUG_INFO = INCLUDE_SOURCE;
				MTL_FAST_MATH = YES;
				ONLY_ACTIVE_ARCH = YES;
				SDKROOT = iphoneos;
				SWIFT_ACTIVE_COMPILATION_CONDITIONS = DEBUG;
				SWIFT_OPTIMIZATION_LEVEL = "-Onone";
			};
			name = Debug;
		};
		A1F909E12A54F9C2004559AF /* Release */ = {
			isa = XCBuildConfiguration;
			buildSettings = {
				ALWAYS_SEARCH_USER_PATHS = NO;
				CLANG_ANALYZER_NONNULL = YES;
				CLANG_ANALYZER_NUMBER_OBJECT_CONVERSION = YES_AGGRESSIVE;
				CLANG_CXX_LANGUAGE_STANDARD = "gnu++20";
				CLANG_ENABLE_MODULES = YES;
				CLANG_ENABLE_OBJC_ARC = YES;
				CLANG_ENABLE_OBJC_WEAK = YES;
				CLANG_WARN_BLOCK_CAPTURE_AUTORELEASING = YES;
				CLANG_WARN_BOOL_CONVERSION = YES;
				CLANG_WARN_COMMA = YES;
				CLANG_WARN_CONSTANT_CONVERSION = YES;
				CLANG_WARN_DEPRECATED_OBJC_IMPLEMENTATIONS = YES;
				CLANG_WARN_DIRECT_OBJC_ISA_USAGE = YES_ERROR;
				CLANG_WARN_DOCUMENTATION_COMMENTS = YES;
				CLANG_WARN_EMPTY_BODY = YES;
				CLANG_WARN_ENUM_CONVERSION = YES;
				CLANG_WARN_INFINITE_RECURSION = YES;
				CLANG_WARN_INT_CONVERSION = YES;
				CLANG_WARN_NON_LITERAL_NULL_CONVERSION = YES;
				CLANG_WARN_OBJC_IMPLICIT_RETAIN_SELF = YES;
				CLANG_WARN_OBJC_LITERAL_CONVERSION = YES;
				CLANG_WARN_OBJC_ROOT_CLASS = YES_ERROR;
				CLANG_WARN_QUOTED_INCLUDE_IN_FRAMEWORK_HEADER = YES;
				CLANG_WARN_RANGE_LOOP_ANALYSIS = YES;
				CLANG_WARN_STRICT_PROTOTYPES = YES;
				CLANG_WARN_SUSPICIOUS_MOVE = YES;
				CLANG_WARN_UNGUARDED_AVAILABILITY = YES_AGGRESSIVE;
				CLANG_WARN_UNREACHABLE_CODE = YES;
				CLANG_WARN__DUPLICATE_METHOD_MATCH = YES;
				COPY_PHASE_STRIP = NO;
				DEBUG_INFORMATION_FORMAT = "dwarf-with-dsym";
				ENABLE_NS_ASSERTIONS = NO;
				ENABLE_STRICT_OBJC_MSGSEND = YES;
				GCC_C_LANGUAGE_STANDARD = gnu11;
				GCC_NO_COMMON_BLOCKS = YES;
				GCC_WARN_64_TO_32_BIT_CONVERSION = YES;
				GCC_WARN_ABOUT_RETURN_TYPE = YES_ERROR;
				GCC_WARN_UNDECLARED_SELECTOR = YES;
				GCC_WARN_UNINITIALIZED_AUTOS = YES_AGGRESSIVE;
				GCC_WARN_UNUSED_FUNCTION = YES;
				GCC_WARN_UNUSED_VARIABLE = YES;
				IPHONEOS_DEPLOYMENT_TARGET = 16.4;
				MTL_ENABLE_DEBUG_INFO = NO;
				MTL_FAST_MATH = YES;
				SDKROOT = iphoneos;
				SWIFT_COMPILATION_MODE = wholemodule;
				SWIFT_OPTIMIZATION_LEVEL = "-O";
				VALIDATE_PRODUCT = YES;
			};
			name = Release;
		};
		A1F909E32A54F9C2004559AF /* Debug */ = {
			isa = XCBuildConfiguration;
			buildSettings = {
				ASSETCATALOG_COMPILER_APPICON_NAME = AppIcon;
				ASSETCATALOG_COMPILER_GLOBAL_ACCENT_COLOR_NAME = AccentColor;
				CODE_SIGN_STYLE = Automatic;
				CURRENT_PROJECT_VERSION = 1;
				DEVELOPMENT_ASSET_PATHS = "\"KuleumBridge/Preview Content\"";
				ENABLE_PREVIEWS = YES;
				GENERATE_INFOPLIST_FILE = YES;
				INFOPLIST_FILE = KuleumBridge/Info.plist;
				INFOPLIST_KEY_CFBundleDisplayName = "";
				INFOPLIST_KEY_LSApplicationCategoryType = "";
				INFOPLIST_KEY_UIApplicationSceneManifest_Generation = YES;
				INFOPLIST_KEY_UIApplicationSupportsIndirectInputEvents = YES;
				INFOPLIST_KEY_UILaunchScreen_Generation = YES;
				INFOPLIST_KEY_UISupportedInterfaceOrientations_iPad = "UIInterfaceOrientationPortrait UIInterfaceOrientationPortraitUpsideDown UIInterfaceOrientationLandscapeLeft UIInterfaceOrientationLandscapeRight";
				INFOPLIST_KEY_UISupportedInterfaceOrientations_iPhone = "UIInterfaceOrientationPortrait UIInterfaceOrientationLandscapeLeft UIInterfaceOrientationLandscapeRight";
				LD_RUNPATH_SEARCH_PATHS = (
					"$(inherited)",
					"@executable_path/Frameworks",
				);
				MARKETING_VERSION = 1.0;
				PRODUCT_BUNDLE_IDENTIFIER = com.chetseoo.KuleumBridge;
				PRODUCT_NAME = "$(TARGET_NAME)";
				SWIFT_EMIT_LOC_STRINGS = YES;
				SWIFT_VERSION = 5.0;
				TARGETED_DEVICE_FAMILY = "1,2";
			};
			name = Debug;
		};
		A1F909E42A54F9C2004559AF /* Release */ = {
			isa = XCBuildConfiguration;
			buildSettings = {
				ASSETCATALOG_COMPILER_APPICON_NAME = AppIcon;
				ASSETCATALOG_COMPILER_GLOBAL_ACCENT_COLOR_NAME = AccentColor;
				CODE_SIGN_STYLE = Automatic;
				CURRENT_PROJECT_VERSION = 1;
				DEVELOPMENT_ASSET_PATHS = "\"KuleumBridge/Preview Content\"";
				ENABLE_PREVIEWS = YES;
				GENERATE_INFOPLIST_FILE = YES;
				INFOPLIST_FILE = KuleumBridge/Info.plist;
				INFOPLIST_KEY_CFBundleDisplayName = "";
				INFOPLIST_KEY_LSApplicationCategoryType = "";
				INFOPLIST_KEY_UIApplicationSceneManifest_Generation = YES;
				INFOPLIST_KEY_UIApplicationSupportsIndirectInputEvents = YES;
				INFOPLIST_KEY_UILaunchScreen_Generation = YES;
				INFOPLIST_KEY_UISupportedInterfaceOrientations_iPad = "UIInterfaceOrientationPortrait UIInterfaceOrientationPortraitUpsideDown UIInterfaceOrientationLandscapeLeft UIInterfaceOrientationLandscapeRight";
				INFOPLIST_KEY_UISupportedInterfaceOrientations_iPhone = "UIInterfaceOrientationPortrait UIInterfaceOrientationLandscapeLeft UIInterfaceOrientationLandscapeRight";
				LD_RUNPATH_SEARCH_PATHS = (
					"$(inherited)",
					"@executable_path/Frameworks",
				);
				MARKETING_VERSION = 1.0;
				PRODUCT_BUNDLE_IDENTIFIER = com.chetseoo.KuleumBridge;
				PRODUCT_NAME = "$(TARGET_NAME)";
				SWIFT_EMIT_LOC_STRINGS = YES;
				SWIFT_VERSION = 5.0;
				TARGETED_DEVICE_FAMILY = "1,2";
			};
			name = Release;
		};
/* End XCBuildConfiguration section */

/* Begin XCConfigurationList section */
		A1F909CF2A54F9C1004559AF /* Build configuration list for PBXProject "KuleumBridge" */ = {
			isa = XCConfigurationList;
			buildConfigurations = (
				A1F909E02A54F9C2004559AF /* Debug */,
				A1F909E12A54F9C2004559AF /* Release */,
			);
			defaultConfigurationIsVisible = 0;
			defaultConfigurationName = Release;
		};
		A1F909E22A54F9C2004559AF /* Build configuration list for PBXNativeTarget "KuleumBridge" */ = {
			isa = XCConfigurationList;
			buildConfigurations = (
				A1F909E32A54F9C2004559AF /* Debug */,
				A1F909E42A54F9C2004559AF /* Release */,
			);
			defaultConfigurationIsVisible = 0;
			defaultConfigurationName = Release;
		};
/* End XCConfigurationList section */
	};
	rootObject = A1F909CC2A54F9C1004559AF /* Project object */;
}
